// !$*UTF8*$!
{
	archiveVersion = 1;
	classes = {
	};
	objectVersion = 50;
	objects = {

/* Begin PBXBuildFile section */
		260CD49523D6B0BC00441C14 /* AppDelegate.swift in Sources */ = {isa = PBXBuildFile; fileRef = 260CD49423D6B0BC00441C14 /* AppDelegate.swift */; };
		260CD49723D6B0BC00441C14 /* SceneDelegate.swift in Sources */ = {isa = PBXBuildFile; fileRef = 260CD49623D6B0BC00441C14 /* SceneDelegate.swift */; };
		260CD49923D6B0BC00441C14 /* ViewController.swift in Sources */ = {isa = PBXBuildFile; fileRef = 260CD49823D6B0BC00441C14 /* ViewController.swift */; };
		260CD49C23D6B0BC00441C14 /* Main.storyboard in Resources */ = {isa = PBXBuildFile; fileRef = 260CD49A23D6B0BC00441C14 /* Main.storyboard */; };
		260CD49F23D6B0BC00441C14 /* WeatherCast.xcdatamodeld in Sources */ = {isa = PBXBuildFile; fileRef = 260CD49D23D6B0BC00441C14 /* WeatherCast.xcdatamodeld */; };
		260CD4A123D6B0C100441C14 /* Assets.xcassets in Resources */ = {isa = PBXBuildFile; fileRef = 260CD4A023D6B0C100441C14 /* Assets.xcassets */; };
		260CD4A423D6B0C100441C14 /* LaunchScreen.storyboard in Resources */ = {isa = PBXBuildFile; fileRef = 260CD4A223D6B0C100441C14 /* LaunchScreen.storyboard */; };
/* End PBXBuildFile section */

/* Begin PBXFileReference section */
		260CD49123D6B0BC00441C14 /* WeatherCast.app */ = {isa = PBXFileReference; explicitFileType = wrapper.application; includeInIndex = 0; path = WeatherCast.app; sourceTree = BUILT_PRODUCTS_DIR; };
		260CD49423D6B0BC00441C14 /* AppDelegate.swift */ = {isa = PBXFileReference; lastKnownFileType = sourcecode.swift; path = AppDelegate.swift; sourceTree = "<group>"; };
		260CD49623D6B0BC00441C14 /* SceneDelegate.swift */ = {isa = PBXFileReference; lastKnownFileType = sourcecode.swift; path = SceneDelegate.swift; sourceTree = "<group>"; };
		260CD49823D6B0BC00441C14 /* ViewController.swift */ = {isa = PBXFileReference; lastKnownFileType = sourcecode.swift; path = ViewController.swift; sourceTree = "<group>"; };
		260CD49B23D6B0BC00441C14 /* Base */ = {isa = PBXFileReference; lastKnownFileType = file.storyboard; name = Base; path = Base.lproj/Main.storyboard; sourceTree = "<group>"; };
		260CD49E23D6B0BC00441C14 /* WeatherCast.xcdatamodel */ = {isa = PBXFileReference; lastKnownFileType = wrapper.xcdatamodel; path = WeatherCast.xcdatamodel; sourceTree = "<group>"; };
		260CD4A023D6B0C100441C14 /* Assets.xcassets */ = {isa = PBXFileReference; lastKnownFileType = folder.assetcatalog; path = Assets.xcassets; sourceTree = "<group>"; };
		260CD4A323D6B0C100441C14 /* Base */ = {isa = PBXFileReference; lastKnownFileType = file.storyboard; name = Base; path = Base.lproj/LaunchScreen.storyboard; sourceTree = "<group>"; };
		260CD4A523D6B0C100441C14 /* Info.plist */ = {isa = PBXFileReference; lastKnownFileType = text.plist.xml; path = Info.plist; sourceTree = "<group>"; };
/* End PBXFileReference section */

/* Begin PBXFrameworksBuildPhase section */
		260CD48E23D6B0BC00441C14 /* Frameworks */ = {
			isa = PBXFrameworksBuildPhase;
			buildActionMask = 2147483647;
			files = (
			);
			runOnlyForDeploymentPostprocessing = 0;
		};
/* End PBXFrameworksBuildPhase section */

/* Begin PBXGroup section */
		260CD48823D6B0BC00441C14 = {
			isa = PBXGroup;
			children = (
				260CD49323D6B0BC00441C14 /* WeatherCast */,
				260CD49223D6B0BC00441C14 /* Products */,
			);
			sourceTree = "<group>";
		};
		260CD49223D6B0BC00441C14 /* Products */ = {
			isa = PBXGroup;
			children = (
				260CD49123D6B0BC00441C14 /* WeatherCast.app */,
			);
			name = Products;
			sourceTree = "<group>";
		};
		260CD49323D6B0BC00441C14 /* WeatherCast */ = {
			isa = PBXGroup;
			children = (
				260CD49423D6B0BC00441C14 /* AppDelegate.swift */,
				260CD49623D6B0BC00441C14 /* SceneDelegate.swift */,
				260CD49823D6B0BC00441C14 /* ViewController.swift */,
				260CD49A23D6B0BC00441C14 /* Main.storyboard */,
				260CD4A023D6B0C100441C14 /* Assets.xcassets */,
				260CD4A223D6B0C100441C14 /* LaunchScreen.storyboard */,
				260CD4A523D6B0C100441C14 /* Info.plist */,
				260CD49D23D6B0BC00441C14 /* WeatherCast.xcdatamodeld */,
			);
			path = WeatherCast;
			sourceTree = "<group>";
		};
/* End PBXGroup section */

/* Begin PBXNativeTarget section */
		260CD49023D6B0BC00441C14 /* WeatherCast */ = {
			isa = PBXNativeTarget;
			buildConfigurationList = 260CD4A823D6B0C100441C14 /* Build configuration list for PBXNativeTarget "WeatherCast" */;
			buildPhases = (
				260CD48D23D6B0BC00441C14 /* Sources */,
				260CD48E23D6B0BC00441C14 /* Frameworks */,
				260CD48F23D6B0BC00441C14 /* Resources */,
			);
			buildRules = (
			);
			dependencies = (
			);
			name = WeatherCast;
			productName = WeatherCast;
			productReference = 260CD49123D6B0BC00441C14 /* WeatherCast.app */;
			productType = "com.apple.product-type.application";
		};
/* End PBXNativeTarget section */

/* Begin PBXProject section */
		260CD48923D6B0BC00441C14 /* Project object */ = {
			isa = PBXProject;
			attributes = {
				LastSwiftUpdateCheck = 1130;
				LastUpgradeCheck = 1130;
				ORGANIZATIONNAME = "Compindia ";
				TargetAttributes = {
					260CD49023D6B0BC00441C14 = {
						CreatedOnToolsVersion = 11.3;
					};
				};
			};
			buildConfigurationList = 260CD48C23D6B0BC00441C14 /* Build configuration list for PBXProject "WeatherCast" */;
			compatibilityVersion = "Xcode 9.3";
			developmentRegion = en;
			hasScannedForEncodings = 0;
			knownRegions = (
				en,
				Base,
			);
			mainGroup = 260CD48823D6B0BC00441C14;
			productRefGroup = 260CD49223D6B0BC00441C14 /* Products */;
			projectDirPath = "";
			projectRoot = "";
			targets = (
				260CD49023D6B0BC00441C14 /* WeatherCast */,
			);
		};
/* End PBXProject section */

/* Begin PBXResourcesBuildPhase section */
		260CD48F23D6B0BC00441C14 /* Resources */ = {
			isa = PBXResourcesBuildPhase;
			buildActionMask = 2147483647;
			files = (
				260CD4A423D6B0C100441C14 /* LaunchScreen.storyboard in Resources */,
				260CD4A123D6B0C100441C14 /* Assets.xcassets in Resources */,
				260CD49C23D6B0BC00441C14 /* Main.storyboard in Resources */,
			);
			runOnlyForDeploymentPostprocessing = 0;
		};
/* End PBXResourcesBuildPhase section */

/* Begin PBXSourcesBuildPhase section */
		260CD48D23D6B0BC00441C14 /* Sources */ = {
			isa = PBXSourcesBuildPhase;
			buildActionMask = 2147483647;
			files = (
				260CD49923D6B0BC00441C14 /* ViewController.swift in Sources */,
				260CD49523D6B0BC00441C14 /* AppDelegate.swift in Sources */,
				260CD49723D6B0BC00441C14 /* SceneDelegate.swift in Sources */,
				260CD49F23D6B0BC00441C14 /* WeatherCast.xcdatamodeld in Sources */,
			);
			runOnlyForDeploymentPostprocessing = 0;
		};
/* End PBXSourcesBuildPhase section */

/* Begin PBXVariantGroup section */
		260CD49A23D6B0BC00441C14 /* Main.storyboard */ = {
			isa = PBXVariantGroup;
			children = (
				260CD49B23D6B0BC00441C14 /* Base */,
			);
			name = Main.storyboard;
			sourceTree = "<group>";
		};
		260CD4A223D6B0C100441C14 /* LaunchScreen.storyboard */ = {
			isa = PBXVariantGroup;
			children = (
				260CD4A323D6B0C100441C14 /* Base */,
			);
			name = LaunchScreen.storyboard;
			sourceTree = "<group>";
		};
/* End PBXVariantGroup section */

/* Begin XCBuildConfiguration section */
		260CD4A623D6B0C100441C14 /* Debug */ = {
			isa = XCBuildConfiguration;
			buildSettings = {
				ALWAYS_SEARCH_USER_PATHS = NO;
				CLANG_ANALYZER_NONNULL = YES;
				CLANG_ANALYZER_NUMBER_OBJECT_CONVERSION = YES_AGGRESSIVE;
				CLANG_CXX_LANGUAGE_STANDARD = "gnu++14";
				CLANG_CXX_LIBRARY = "libc++";
				CLANG_ENABLE_MODULES = YES;
				CLANG_ENABLE_OBJC_ARC = YES;
				CLANG_ENABLE_OBJC_WEAK = YES;
				CLANG_WARN_BLOCK_CAPTURE_AUTORELEASING = YES;
				CLANG_WARN_BOOL_CONVERSION = YES;
				CLANG_WARN_COMMA = YES;
				CLANG_WARN_CONSTANT_CONVERSION = YES;
				CLANG_WARN_DEPRECATED_OBJC_IMPLEMENTATIONS = YES;
				CLANG_WARN_DIRECT_OBJC_ISA_USAGE = YES_ERROR;
				CLANG_WARN_DOCUMENTATION_COMMENTS = YES;
				CLANG_WARN_EMPTY_BODY = YES;
				CLANG_WARN_ENUM_CONVERSION = YES;
				CLANG_WARN_INFINITE_RECURSION = YES;
				CLANG_WARN_INT_CONVERSION = YES;
				CLANG_WARN_NON_LITERAL_NULL_CONVERSION = YES;
				CLANG_WARN_OBJC_IMPLICIT_RETAIN_SELF = YES;
				CLANG_WARN_OBJC_LITERAL_CONVERSION = YES;
				CLANG_WARN_OBJC_ROOT_CLASS = YES_ERROR;
				CLANG_WARN_RANGE_LOOP_ANALYSIS = YES;
				CLANG_WARN_STRICT_PROTOTYPES = YES;
				CLANG_WARN_SUSPICIOUS_MOVE = YES;
				CLANG_WARN_UNGUARDED_AVAILABILITY = YES_AGGRESSIVE;
				CLANG_WARN_UNREACHABLE_CODE = YES;
				CLANG_WARN__DUPLICATE_METHOD_MATCH = YES;
				COPY_PHASE_STRIP = NO;
				DEBUG_INFORMATION_FORMAT = dwarf;
				ENABLE_STRICT_OBJC_MSGSEND = YES;
				ENABLE_TESTABILITY = YES;
				GCC_C_LANGUAGE_STANDARD = gnu11;
				GCC_DYNAMIC_NO_PIC = NO;
				GCC_NO_COMMON_BLOCKS = YES;
				GCC_OPTIMIZATION_LEVEL = 0;
				GCC_PREPROCESSOR_DEFINITIONS = (
					"DEBUG=1",
					"$(inherited)",
				);
				GCC_WARN_64_TO_32_BIT_CONVERSION = YES;
				GCC_WARN_ABOUT_RETURN_TYPE = YES_ERROR;
				GCC_WARN_UNDECLARED_SELECTOR = YES;
				GCC_WARN_UNINITIALIZED_AUTOS = YES_AGGRESSIVE;
				GCC_WARN_UNUSED_FUNCTION = YES;
				GCC_WARN_UNUSED_VARIABLE = YES;
				IPHONEOS_DEPLOYMENT_TARGET = 13.2;
				MTL_ENABLE_DEBUG_INFO = INCLUDE_SOURCE;
				MTL_FAST_MATH = YES;
				ONLY_ACTIVE_ARCH = YES;
				SDKROOT = iphoneos;
				SWIFT_ACTIVE_COMPILATION_CONDITIONS = DEBUG;
				SWIFT_OPTIMIZATION_LEVEL = "-Onone";
			};
			name = Debug;
		};
		260CD4A723D6B0C100441C14 /* Release */ = {
			isa = XCBuildConfiguration;
			buildSettings = {
				ALWAYS_SEARCH_USER_PATHS = NO;
				CLANG_ANALYZER_NONNULL = YES;
				CLANG_ANALYZER_NUMBER_OBJECT_CONVERSION = YES_AGGRESSIVE;
				CLANG_CXX_LANGUAGE_STANDARD = "gnu++14";
				CLANG_CXX_LIBRARY = "libc++";
				CLANG_ENABLE_MODULES = YES;
				CLANG_ENABLE_OBJC_ARC = YES;
				CLANG_ENABLE_OBJC_WEAK = YES;
				CLANG_WARN_BLOCK_CAPTURE_AUTORELEASING = YES;
				CLANG_WARN_BOOL_CONVERSION = YES;
				CLANG_WARN_COMMA = YES;
				CLANG_WARN_CONSTANT_CONVERSION = YES;
				CLANG_WARN_DEPRECATED_OBJC_IMPLEMENTATIONS = YES;
				CLANG_WARN_DIRECT_OBJC_ISA_USAGE = YES_ERROR;
				CLANG_WARN_DOCUMENTATION_COMMENTS = YES;
				CLANG_WARN_EMPTY_BODY = YES;
				CLANG_WARN_ENUM_CONVERSION = YES;
				CLANG_WARN_INFINITE_RECURSION = YES;
				CLANG_WARN_INT_CONVERSION = YES;
				CLANG_WARN_NON_LITERAL_NULL_CONVERSION = YES;
				CLANG_WARN_OBJC_IMPLICIT_RETAIN_SELF = YES;
				CLANG_WARN_OBJC_LITERAL_CONVERSION = YES;
				CLANG_WARN_OBJC_ROOT_CLASS = YES_ERROR;
				CLANG_WARN_RANGE_LOOP_ANALYSIS = YES;
				CLANG_WARN_STRICT_PROTOTYPES = YES;
				CLANG_WARN_SUSPICIOUS_MOVE = YES;
				CLANG_WARN_UNGUARDED_AVAILABILITY = YES_AGGRESSIVE;
				CLANG_WARN_UNREACHABLE_CODE = YES;
				CLANG_WARN__DUPLICATE_METHOD_MATCH = YES;
				COPY_PHASE_STRIP = NO;
				DEBUG_INFORMATION_FORMAT = "dwarf-with-dsym";
				ENABLE_NS_ASSERTIONS = NO;
				ENABLE_STRICT_OBJC_MSGSEND = YES;
				GCC_C_LANGUAGE_STANDARD = gnu11;
				GCC_NO_COMMON_BLOCKS = YES;
				GCC_WARN_64_TO_32_BIT_CONVERSION = YES;
				GCC_WARN_ABOUT_RETURN_TYPE = YES_ERROR;
				GCC_WARN_UNDECLARED_SELECTOR = YES;
				GCC_WARN_UNINITIALIZED_AUTOS = YES_AGGRESSIVE;
				GCC_WARN_UNUSED_FUNCTION = YES;
				GCC_WARN_UNUSED_VARIABLE = YES;
				IPHONEOS_DEPLOYMENT_TARGET = 13.2;
				MTL_ENABLE_DEBUG_INFO = NO;
				MTL_FAST_MATH = YES;
				SDKROOT = iphoneos;
				SWIFT_COMPILATION_MODE = wholemodule;
				SWIFT_OPTIMIZATION_LEVEL = "-O";
				VALIDATE_PRODUCT = YES;
			};
			name = Release;
		};
		260CD4A923D6B0C100441C14 /* Debug */ = {
			isa = XCBuildConfiguration;
			buildSettings = {
				ASSETCATALOG_COMPILER_APPICON_NAME = AppIcon;
				CODE_SIGN_STYLE = Automatic;
				INFOPLIST_FILE = WeatherCast/Info.plist;
				LD_RUNPATH_SEARCH_PATHS = (
					"$(inherited)",
					"@executable_path/Frameworks",
				);
				PRODUCT_BUNDLE_IDENTIFIER = compindia.WeatherCast;
				PRODUCT_NAME = "$(TARGET_NAME)";
				SWIFT_VERSION = 5.0;
				TARGETED_DEVICE_FAMILY = "1,2";
			};
			name = Debug;
		};
		260CD4AA23D6B0C100441C14 /* Release */ = {
			isa = XCBuildConfiguration;
			buildSettings = {
				ASSETCATALOG_COMPILER_APPICON_NAME = AppIcon;
				CODE_SIGN_STYLE = Automatic;
				INFOPLIST_FILE = WeatherCast/Info.plist;
				LD_RUNPATH_SEARCH_PATHS = (
					"$(inherited)",
					"@executable_path/Frameworks",
				);
				PRODUCT_BUNDLE_IDENTIFIER = compindia.WeatherCast;
				PRODUCT_NAME = "$(TARGET_NAME)";
				SWIFT_VERSION = 5.0;
				TARGETED_DEVICE_FAMILY = "1,2";
			};
			name = Release;
		};
/* End XCBuildConfiguration section */

/* Begin XCConfigurationList section */
		260CD48C23D6B0BC00441C14 /* Build configuration list for PBXProject "WeatherCast" */ = {
			isa = XCConfigurationList;
			buildConfigurations = (
				260CD4A623D6B0C100441C14 /* Debug */,
				260CD4A723D6B0C100441C14 /* Release */,
			);
			defaultConfigurationIsVisible = 0;
			defaultConfigurationName = Release;
		};
		260CD4A823D6B0C100441C14 /* Build configuration list for PBXNativeTarget "WeatherCast" */ = {
			isa = XCConfigurationList;
			buildConfigurations = (
				260CD4A923D6B0C100441C14 /* Debug */,
				260CD4AA23D6B0C100441C14 /* Release */,
			);
			defaultConfigurationIsVisible = 0;
			defaultConfigurationName = Release;
		};
/* End XCConfigurationList section */

/* Begin XCVersionGroup section */
		260CD49D23D6B0BC00441C14 /* WeatherCast.xcdatamodeld */ = {
			isa = XCVersionGroup;
			children = (
				260CD49E23D6B0BC00441C14 /* WeatherCast.xcdatamodel */,
			);
			currentVersion = 260CD49E23D6B0BC00441C14 /* WeatherCast.xcdatamodel */;
			path = WeatherCast.xcdatamodeld;
			sourceTree = "<group>";
			versionGroupType = wrapper.xcdatamodel;
		};
/* End XCVersionGroup section */
	};
	rootObject = 260CD48923D6B0BC00441C14 /* Project object */;
}
